
Microsoft Visual Studio Solution File, Format Version 11.00
# Visual Studio 2010
Project("{FAE04EC0-301F-11D3-BF4B-00C04F79EFBC}") = "GameStateManagementSample WP7", "GameStateManagementSample\GameStateManagementSample-Pro-Wp7.csproj", "{2CA5FB73-B9E0-44B3-8C1B-3EDA8A976059}"
EndProject
Project("{FAE04EC0-301F-11D3-BF4B-00C04F79EFBC}") = "GameStateManagementSampleContent", "GameStateManagementSampleContent\GameStateManagementSampleContent-Pro.contentproj", "{BD3D37D1-E7C1-4363-9DE9-7EABC8D9E1EB}"
EndProject
Global
	GlobalSection(SolutionConfigurationPlatforms) = preSolution
		Debug|Windows Phone = Debug|Windows Phone
		Debug|x86 = Debug|x86
		Release|Windows Phone = Release|Windows Phone
		Release|x86 = Release|x86
	EndGlobalSection
	GlobalSection(ProjectConfigurationPlatforms) = postSolution
		{2CA5FB73-B9E0-44B3-8C1B-3EDA8A976059}.Debug|Windows Phone.ActiveCfg = Debug|Windows Phone
		{2CA5FB73-B9E0-44B3-8C1B-3EDA8A976059}.Debug|Windows Phone.Build.0 = Debug|Windows Phone
		{2CA5FB73-B9E0-44B3-8C1B-3EDA8A976059}.Debug|Windows Phone.Deploy.0 = Debug|Windows Phone
		{2CA5FB73-B9E0-44B3-8C1B-3EDA8A976059}.Debug|x86.ActiveCfg = Debug|Windows Phone
		{2CA5FB73-B9E0-44B3-8C1B-3EDA8A976059}.Release|Windows Phone.ActiveCfg = Release|Windows Phone
		{2CA5FB73-B9E0-44B3-8C1B-3EDA8A976059}.Release|Windows Phone.Build.0 = Release|Windows Phone
		{2CA5FB73-B9E0-44B3-8C1B-3EDA8A976059}.Release|Windows Phone.Deploy.0 = Release|Windows Phone
		{2CA5FB73-B9E0-44B3-8C1B-3EDA8A976059}.Release|x86.ActiveCfg = Release|Windows Phone
		{BD3D37D1-E7C1-4363-9DE9-7EABC8D9E1EB}.Debug|Windows Phone.ActiveCfg = Debug|x86
		{BD3D37D1-E7C1-4363-9DE9-7EABC8D9E1EB}.Debug|x86.ActiveCfg = Debug|x86
		{BD3D37D1-E7C1-4363-9DE9-7EABC8D9E1EB}.Release|Windows Phone.ActiveCfg = Release|x86
		{BD3D37D1-E7C1-4363-9DE9-7EABC8D9E1EB}.Release|x86.ActiveCfg = Release|x86
	EndGlobalSection
	GlobalSection(SolutionProperties) = preSolution
		HideSolutionNode = FALSE
	EndGlobalSection
EndGlobal
